// !$*UTF8*$!
{
	archiveVersion = 1;
	classes = {
	};
	objectVersion = 46;
	objects = {

/* Begin PBXBuildFile section */
		004D5093BFD235AFFE30418A /* Pods_proximac_guiTests.framework in Frameworks */ = {isa = PBXBuildFile; fileRef = B59996ECC69036AF5D510E2C /* Pods_proximac_guiTests.framework */; };
		A8A0104AC789A59BD37F8DEA /* Pods_proximac_guiUITests.framework in Frameworks */ = {isa = PBXBuildFile; fileRef = 0CFF8448A3B1104E5AAAEC4E /* Pods_proximac_guiUITests.framework */; };
		C132DC411F05D45700A36BEE /* AppDelegate.swift in Sources */ = {isa = PBXBuildFile; fileRef = C132DC401F05D45700A36BEE /* AppDelegate.swift */; };
		C132DC431F05D45700A36BEE /* MainViewController.swift in Sources */ = {isa = PBXBuildFile; fileRef = C132DC421F05D45700A36BEE /* MainViewController.swift */; };
		C132DC451F05D45700A36BEE /* Assets.xcassets in Resources */ = {isa = PBXBuildFile; fileRef = C132DC441F05D45700A36BEE /* Assets.xcassets */; };
		C132DC481F05D45700A36BEE /* Main.storyboard in Resources */ = {isa = PBXBuildFile; fileRef = C132DC461F05D45700A36BEE /* Main.storyboard */; };
		C132DC531F05D45700A36BEE /* proximac_guiTests.swift in Sources */ = {isa = PBXBuildFile; fileRef = C132DC521F05D45700A36BEE /* proximac_guiTests.swift */; };
		C132DC5E1F05D45700A36BEE /* proximac_guiUITests.swift in Sources */ = {isa = PBXBuildFile; fileRef = C132DC5D1F05D45700A36BEE /* proximac_guiUITests.swift */; };
		C15E8A831F06FE04004C4182 /* Rule.swift in Sources */ = {isa = PBXBuildFile; fileRef = C15E8A821F06FE04004C4182 /* Rule.swift */; };
		C15E8A881F0728FF004C4182 /* RulesMaker.swift in Sources */ = {isa = PBXBuildFile; fileRef = C15E8A871F0728FF004C4182 /* RulesMaker.swift */; };
		C15E8A8B1F072E5E004C4182 /* Utility.swift in Sources */ = {isa = PBXBuildFile; fileRef = C15E8A8A1F072E5E004C4182 /* Utility.swift */; };
		C15E8A8E1F07341F004C4182 /* ClickableImageView.swift in Sources */ = {isa = PBXBuildFile; fileRef = C15E8A8D1F07341F004C4182 /* ClickableImageView.swift */; };
		C15E8A941F086B22004C4182 /* ActionCellView.swift in Sources */ = {isa = PBXBuildFile; fileRef = C15E8A931F086B22004C4182 /* ActionCellView.swift */; };
		C1BF66311F06E1DA008FC960 /* Preferences.swift in Sources */ = {isa = PBXBuildFile; fileRef = C1BF66301F06E1DA008FC960 /* Preferences.swift */; };
		C1E3410E1F097313007AC804 /* OGSwitch.swift in Sources */ = {isa = PBXBuildFile; fileRef = C1E3410D1F097313007AC804 /* OGSwitch.swift */; };
		C1E341471F098201007AC804 /* RuleCardCellView.swift in Sources */ = {isa = PBXBuildFile; fileRef = C1E341461F098201007AC804 /* RuleCardCellView.swift */; };
		C1F0D1B01F09B7820012CB6F /* PrefGeneralViewController.swift in Sources */ = {isa = PBXBuildFile; fileRef = C1F0D1AE1F09B7820012CB6F /* PrefGeneralViewController.swift */; };
		C1F0D1B11F09B7820012CB6F /* PrefGeneralViewController.xib in Resources */ = {isa = PBXBuildFile; fileRef = C1F0D1AF1F09B7820012CB6F /* PrefGeneralViewController.xib */; };
		C1F0D1B41F09B7930012CB6F /* PrefNetworkViewController.swift in Sources */ = {isa = PBXBuildFile; fileRef = C1F0D1B21F09B7930012CB6F /* PrefNetworkViewController.swift */; };
		C1F0D1B51F09B7930012CB6F /* PrefNetworkViewController.xib in Resources */ = {isa = PBXBuildFile; fileRef = C1F0D1B31F09B7930012CB6F /* PrefNetworkViewController.xib */; };
		C1F0D1B81F09D02D0012CB6F /* PrefSubSOCKS5ViewController.swift in Sources */ = {isa = PBXBuildFile; fileRef = C1F0D1B61F09D02D0012CB6F /* PrefSubSOCKS5ViewController.swift */; };
		C1F0D1B91F09D02D0012CB6F /* PrefSubSOCKS5ViewController.xib in Resources */ = {isa = PBXBuildFile; fileRef = C1F0D1B71F09D02D0012CB6F /* PrefSubSOCKS5ViewController.xib */; };
		C1F0D1BB1F09D9EF0012CB6F /* EventMonitor.swift in Sources */ = {isa = PBXBuildFile; fileRef = C1F0D1BA1F09D9EF0012CB6F /* EventMonitor.swift */; };
		D4A82C12D46CD52AE6E0C65B /* Pods_proximac_gui.framework in Frameworks */ = {isa = PBXBuildFile; fileRef = 67BA677B89A37092D53A7F69 /* Pods_proximac_gui.framework */; };
/* End PBXBuildFile section */

/* Begin PBXContainerItemProxy section */
		C132DC4F1F05D45700A36BEE /* PBXContainerItemProxy */ = {
			isa = PBXContainerItemProxy;
			containerPortal = C132DC351F05D45700A36BEE /* Project object */;
			proxyType = 1;
			remoteGlobalIDString = C132DC3C1F05D45700A36BEE;
			remoteInfo = "proximac-gui";
		};
		C132DC5A1F05D45700A36BEE /* PBXContainerItemProxy */ = {
			isa = PBXContainerItemProxy;
			containerPortal = C132DC351F05D45700A36BEE /* Project object */;
			proxyType = 1;
			remoteGlobalIDString = C132DC3C1F05D45700A36BEE;
			remoteInfo = "proximac-gui";
		};
/* End PBXContainerItemProxy section */

/* Begin PBXFileReference section */
		0CFF8448A3B1104E5AAAEC4E /* Pods_proximac_guiUITests.framework */ = {isa = PBXFileReference; explicitFileType = wrapper.framework; includeInIndex = 0; path = Pods_proximac_guiUITests.framework; sourceTree = BUILT_PRODUCTS_DIR; };
		20752E2F2973B970A9641942 /* Pods-proximac-guiTests.debug.xcconfig */ = {isa = PBXFileReference; includeInIndex = 1; lastKnownFileType = text.xcconfig; name = "Pods-proximac-guiTests.debug.xcconfig"; path = "Pods/Target Support Files/Pods-proximac-guiTests/Pods-proximac-guiTests.debug.xcconfig"; sourceTree = "<group>"; };
		226B1858CCC7951172EA56D4 /* Pods-proximac-gui.debug.xcconfig */ = {isa = PBXFileReference; includeInIndex = 1; lastKnownFileType = text.xcconfig; name = "Pods-proximac-gui.debug.xcconfig"; path = "Pods/Target Support Files/Pods-proximac-gui/Pods-proximac-gui.debug.xcconfig"; sourceTree = "<group>"; };
		40B06211472F3FCD8408F0B8 /* Pods-proximac-guiUITests.release.xcconfig */ = {isa = PBXFileReference; includeInIndex = 1; lastKnownFileType = text.xcconfig; name = "Pods-proximac-guiUITests.release.xcconfig"; path = "Pods/Target Support Files/Pods-proximac-guiUITests/Pods-proximac-guiUITests.release.xcconfig"; sourceTree = "<group>"; };
		47EDDD33A356ADD31D2502B1 /* Pods-proximac-gui.release.xcconfig */ = {isa = PBXFileReference; includeInIndex = 1; lastKnownFileType = text.xcconfig; name = "Pods-proximac-gui.release.xcconfig"; path = "Pods/Target Support Files/Pods-proximac-gui/Pods-proximac-gui.release.xcconfig"; sourceTree = "<group>"; };
		494A55450B4314F2DECB2812 /* Pods-proximac-guiUITests.debug.xcconfig */ = {isa = PBXFileReference; includeInIndex = 1; lastKnownFileType = text.xcconfig; name = "Pods-proximac-guiUITests.debug.xcconfig"; path = "Pods/Target Support Files/Pods-proximac-guiUITests/Pods-proximac-guiUITests.debug.xcconfig"; sourceTree = "<group>"; };
		580EBB5375225F3B37E4B8D8 /* Pods-proximac-guiTests.release.xcconfig */ = {isa = PBXFileReference; includeInIndex = 1; lastKnownFileType = text.xcconfig; name = "Pods-proximac-guiTests.release.xcconfig"; path = "Pods/Target Support Files/Pods-proximac-guiTests/Pods-proximac-guiTests.release.xcconfig"; sourceTree = "<group>"; };
		67BA677B89A37092D53A7F69 /* Pods_proximac_gui.framework */ = {isa = PBXFileReference; explicitFileType = wrapper.framework; includeInIndex = 0; path = Pods_proximac_gui.framework; sourceTree = BUILT_PRODUCTS_DIR; };
		B59996ECC69036AF5D510E2C /* Pods_proximac_guiTests.framework */ = {isa = PBXFileReference; explicitFileType = wrapper.framework; includeInIndex = 0; path = Pods_proximac_guiTests.framework; sourceTree = BUILT_PRODUCTS_DIR; };
		C132DC3D1F05D45700A36BEE /* proximac-gui.app */ = {isa = PBXFileReference; explicitFileType = wrapper.application; includeInIndex = 0; path = "proximac-gui.app"; sourceTree = BUILT_PRODUCTS_DIR; };
		C132DC401F05D45700A36BEE /* AppDelegate.swift */ = {isa = PBXFileReference; lastKnownFileType = sourcecode.swift; path = AppDelegate.swift; sourceTree = "<group>"; };
		C132DC421F05D45700A36BEE /* MainViewController.swift */ = {isa = PBXFileReference; lastKnownFileType = sourcecode.swift; path = MainViewController.swift; sourceTree = "<group>"; };
		C132DC441F05D45700A36BEE /* Assets.xcassets */ = {isa = PBXFileReference; lastKnownFileType = folder.assetcatalog; path = Assets.xcassets; sourceTree = "<group>"; };
		C132DC471F05D45700A36BEE /* Base */ = {isa = PBXFileReference; lastKnownFileType = file.storyboard; name = Base; path = Base.lproj/Main.storyboard; sourceTree = "<group>"; };
		C132DC491F05D45700A36BEE /* Info.plist */ = {isa = PBXFileReference; lastKnownFileType = text.plist.xml; path = Info.plist; sourceTree = "<group>"; };
		C132DC4E1F05D45700A36BEE /* proximac-guiTests.xctest */ = {isa = PBXFileReference; explicitFileType = wrapper.cfbundle; includeInIndex = 0; path = "proximac-guiTests.xctest"; sourceTree = BUILT_PRODUCTS_DIR; };
		C132DC521F05D45700A36BEE /* proximac_guiTests.swift */ = {isa = PBXFileReference; lastKnownFileType = sourcecode.swift; path = proximac_guiTests.swift; sourceTree = "<group>"; };
		C132DC541F05D45700A36BEE /* Info.plist */ = {isa = PBXFileReference; lastKnownFileType = text.plist.xml; path = Info.plist; sourceTree = "<group>"; };
		C132DC591F05D45700A36BEE /* proximac-guiUITests.xctest */ = {isa = PBXFileReference; explicitFileType = wrapper.cfbundle; includeInIndex = 0; path = "proximac-guiUITests.xctest"; sourceTree = BUILT_PRODUCTS_DIR; };
		C132DC5D1F05D45700A36BEE /* proximac_guiUITests.swift */ = {isa = PBXFileReference; lastKnownFileType = sourcecode.swift; path = proximac_guiUITests.swift; sourceTree = "<group>"; };
		C132DC5F1F05D45700A36BEE /* Info.plist */ = {isa = PBXFileReference; lastKnownFileType = text.plist.xml; path = Info.plist; sourceTree = "<group>"; };
		C15E8A821F06FE04004C4182 /* Rule.swift */ = {isa = PBXFileReference; fileEncoding = 4; lastKnownFileType = sourcecode.swift; name = Rule.swift; path = Model/Rule.swift; sourceTree = "<group>"; };
		C15E8A871F0728FF004C4182 /* RulesMaker.swift */ = {isa = PBXFileReference; fileEncoding = 4; lastKnownFileType = sourcecode.swift; name = RulesMaker.swift; path = VC/RulesMaker.swift; sourceTree = "<group>"; };
		C15E8A8A1F072E5E004C4182 /* Utility.swift */ = {isa = PBXFileReference; fileEncoding = 4; lastKnownFileType = sourcecode.swift; name = Utility.swift; path = Utility/Utility.swift; sourceTree = "<group>"; };
		C15E8A8D1F07341F004C4182 /* ClickableImageView.swift */ = {isa = PBXFileReference; fileEncoding = 4; lastKnownFileType = sourcecode.swift; name = ClickableImageView.swift; path = View/ClickableImageView.swift; sourceTree = "<group>"; };
		C15E8A931F086B22004C4182 /* ActionCellView.swift */ = {isa = PBXFileReference; fileEncoding = 4; lastKnownFileType = sourcecode.swift; name = ActionCellView.swift; path = View/ActionCellView.swift; sourceTree = "<group>"; };
		C1BF66301F06E1DA008FC960 /* Preferences.swift */ = {isa = PBXFileReference; fileEncoding = 4; lastKnownFileType = sourcecode.swift; name = Preferences.swift; path = Model/Preferences.swift; sourceTree = "<group>"; };
		C1E3410D1F097313007AC804 /* OGSwitch.swift */ = {isa = PBXFileReference; fileEncoding = 4; lastKnownFileType = sourcecode.swift; name = OGSwitch.swift; path = View/OGSwitch.swift; sourceTree = "<group>"; };
		C1E341461F098201007AC804 /* RuleCardCellView.swift */ = {isa = PBXFileReference; fileEncoding = 4; lastKnownFileType = sourcecode.swift; name = RuleCardCellView.swift; path = View/RuleCardCellView.swift; sourceTree = "<group>"; };
		C1F0D1AE1F09B7820012CB6F /* PrefGeneralViewController.swift */ = {isa = PBXFileReference; fileEncoding = 4; lastKnownFileType = sourcecode.swift; name = PrefGeneralViewController.swift; path = VC/PrefGeneralViewController.swift; sourceTree = "<group>"; };
		C1F0D1AF1F09B7820012CB6F /* PrefGeneralViewController.xib */ = {isa = PBXFileReference; fileEncoding = 4; lastKnownFileType = file.xib; name = PrefGeneralViewController.xib; path = VC/PrefGeneralViewController.xib; sourceTree = "<group>"; };
		C1F0D1B21F09B7930012CB6F /* PrefNetworkViewController.swift */ = {isa = PBXFileReference; fileEncoding = 4; lastKnownFileType = sourcecode.swift; name = PrefNetworkViewController.swift; path = VC/PrefNetworkViewController.swift; sourceTree = "<group>"; };
		C1F0D1B31F09B7930012CB6F /* PrefNetworkViewController.xib */ = {isa = PBXFileReference; fileEncoding = 4; lastKnownFileType = file.xib; name = PrefNetworkViewController.xib; path = VC/PrefNetworkViewController.xib; sourceTree = "<group>"; };
		C1F0D1B61F09D02D0012CB6F /* PrefSubSOCKS5ViewController.swift */ = {isa = PBXFileReference; fileEncoding = 4; lastKnownFileType = sourcecode.swift; name = PrefSubSOCKS5ViewController.swift; path = VC/PrefSubSOCKS5ViewController.swift; sourceTree = "<group>"; };
		C1F0D1B71F09D02D0012CB6F /* PrefSubSOCKS5ViewController.xib */ = {isa = PBXFileReference; fileEncoding = 4; lastKnownFileType = file.xib; name = PrefSubSOCKS5ViewController.xib; path = VC/PrefSubSOCKS5ViewController.xib; sourceTree = "<group>"; };
		C1F0D1BA1F09D9EF0012CB6F /* EventMonitor.swift */ = {isa = PBXFileReference; fileEncoding = 4; lastKnownFileType = sourcecode.swift; name = EventMonitor.swift; path = Utility/EventMonitor.swift; sourceTree = "<group>"; };
/* End PBXFileReference section */

/* Begin PBXFrameworksBuildPhase section */
		C132DC3A1F05D45700A36BEE /* Frameworks */ = {
			isa = PBXFrameworksBuildPhase;
			buildActionMask = 2147483647;
			files = (
				D4A82C12D46CD52AE6E0C65B /* Pods_proximac_gui.framework in Frameworks */,
			);
			runOnlyForDeploymentPostprocessing = 0;
		};
		C132DC4B1F05D45700A36BEE /* Frameworks */ = {
			isa = PBXFrameworksBuildPhase;
			buildActionMask = 2147483647;
			files = (
				004D5093BFD235AFFE30418A /* Pods_proximac_guiTests.framework in Frameworks */,
			);
			runOnlyForDeploymentPostprocessing = 0;
		};
		C132DC561F05D45700A36BEE /* Frameworks */ = {
			isa = PBXFrameworksBuildPhase;
			buildActionMask = 2147483647;
			files = (
				A8A0104AC789A59BD37F8DEA /* Pods_proximac_guiUITests.framework in Frameworks */,
			);
			runOnlyForDeploymentPostprocessing = 0;
		};
/* End PBXFrameworksBuildPhase section */

/* Begin PBXGroup section */
		8DB7D9C633ACCEBA7A257C00 /* Frameworks */ = {
			isa = PBXGroup;
			children = (
				67BA677B89A37092D53A7F69 /* Pods_proximac_gui.framework */,
				B59996ECC69036AF5D510E2C /* Pods_proximac_guiTests.framework */,
				0CFF8448A3B1104E5AAAEC4E /* Pods_proximac_guiUITests.framework */,
			);
			name = Frameworks;
			sourceTree = "<group>";
		};
		C132DC341F05D45700A36BEE = {
			isa = PBXGroup;
			children = (
				C132DC3F1F05D45700A36BEE /* proximac-gui */,
				C132DC511F05D45700A36BEE /* proximac-guiTests */,
				C132DC5C1F05D45700A36BEE /* proximac-guiUITests */,
				C132DC3E1F05D45700A36BEE /* Products */,
				FF4DA025E2331222F44925A9 /* Pods */,
				8DB7D9C633ACCEBA7A257C00 /* Frameworks */,
			);
			sourceTree = "<group>";
		};
		C132DC3E1F05D45700A36BEE /* Products */ = {
			isa = PBXGroup;
			children = (
				C132DC3D1F05D45700A36BEE /* proximac-gui.app */,
				C132DC4E1F05D45700A36BEE /* proximac-guiTests.xctest */,
				C132DC591F05D45700A36BEE /* proximac-guiUITests.xctest */,
			);
			name = Products;
			sourceTree = "<group>";
		};
		C132DC3F1F05D45700A36BEE /* proximac-gui */ = {
			isa = PBXGroup;
			children = (
				C1DEAAD41F096C77004B61F8 /* UI */,
				C15E8A8C1F07340E004C4182 /* View */,
				C15E8A891F072E33004C4182 /* Utility */,
				C15E8A841F0712A0004C4182 /* VC */,
				C1BF662F1F06E1C8008FC960 /* Model */,
				C132DC401F05D45700A36BEE /* AppDelegate.swift */,
				C132DC441F05D45700A36BEE /* Assets.xcassets */,
				C132DC461F05D45700A36BEE /* Main.storyboard */,
				C132DC491F05D45700A36BEE /* Info.plist */,
			);
			path = "proximac-gui";
			sourceTree = "<group>";
		};
		C132DC511F05D45700A36BEE /* proximac-guiTests */ = {
			isa = PBXGroup;
			children = (
				C132DC521F05D45700A36BEE /* proximac_guiTests.swift */,
				C132DC541F05D45700A36BEE /* Info.plist */,
			);
			path = "proximac-guiTests";
			sourceTree = "<group>";
		};
		C132DC5C1F05D45700A36BEE /* proximac-guiUITests */ = {
			isa = PBXGroup;
			children = (
				C132DC5D1F05D45700A36BEE /* proximac_guiUITests.swift */,
				C132DC5F1F05D45700A36BEE /* Info.plist */,
			);
			path = "proximac-guiUITests";
			sourceTree = "<group>";
		};
		C15E8A841F0712A0004C4182 /* VC */ = {
			isa = PBXGroup;
			children = (
				C132DC421F05D45700A36BEE /* MainViewController.swift */,
				C15E8A871F0728FF004C4182 /* RulesMaker.swift */,
				C1F0D1AE1F09B7820012CB6F /* PrefGeneralViewController.swift */,
				C1F0D1AF1F09B7820012CB6F /* PrefGeneralViewController.xib */,
				C1F0D1B21F09B7930012CB6F /* PrefNetworkViewController.swift */,
				C1F0D1B31F09B7930012CB6F /* PrefNetworkViewController.xib */,
				C1F0D1B61F09D02D0012CB6F /* PrefSubSOCKS5ViewController.swift */,
				C1F0D1B71F09D02D0012CB6F /* PrefSubSOCKS5ViewController.xib */,
			);
			name = VC;
			sourceTree = "<group>";
		};
		C15E8A891F072E33004C4182 /* Utility */ = {
			isa = PBXGroup;
			children = (
				C15E8A8A1F072E5E004C4182 /* Utility.swift */,
				C1F0D1BA1F09D9EF0012CB6F /* EventMonitor.swift */,
			);
			name = Utility;
			sourceTree = "<group>";
		};
		C15E8A8C1F07340E004C4182 /* View */ = {
			isa = PBXGroup;
			children = (
				C15E8A8D1F07341F004C4182 /* ClickableImageView.swift */,
				C15E8A931F086B22004C4182 /* ActionCellView.swift */,
				C1E3410D1F097313007AC804 /* OGSwitch.swift */,
				C1E341461F098201007AC804 /* RuleCardCellView.swift */,
			);
			name = View;
			sourceTree = "<group>";
		};
		C1BF662F1F06E1C8008FC960 /* Model */ = {
			isa = PBXGroup;
			children = (
				C1BF66301F06E1DA008FC960 /* Preferences.swift */,
				C15E8A821F06FE04004C4182 /* Rule.swift */,
			);
			name = Model;
			sourceTree = "<group>";
		};
		C1DEAAD41F096C77004B61F8 /* UI */ = {
			isa = PBXGroup;
			children = (
			);
			name = UI;
			sourceTree = "<group>";
		};
		FF4DA025E2331222F44925A9 /* Pods */ = {
			isa = PBXGroup;
			children = (
				226B1858CCC7951172EA56D4 /* Pods-proximac-gui.debug.xcconfig */,
				47EDDD33A356ADD31D2502B1 /* Pods-proximac-gui.release.xcconfig */,
				20752E2F2973B970A9641942 /* Pods-proximac-guiTests.debug.xcconfig */,
				580EBB5375225F3B37E4B8D8 /* Pods-proximac-guiTests.release.xcconfig */,
				494A55450B4314F2DECB2812 /* Pods-proximac-guiUITests.debug.xcconfig */,
				40B06211472F3FCD8408F0B8 /* Pods-proximac-guiUITests.release.xcconfig */,
			);
			name = Pods;
			sourceTree = "<group>";
		};
/* End PBXGroup section */

/* Begin PBXNativeTarget section */
		C132DC3C1F05D45700A36BEE /* proximac-gui */ = {
			isa = PBXNativeTarget;
			buildConfigurationList = C132DC621F05D45700A36BEE /* Build configuration list for PBXNativeTarget "proximac-gui" */;
			buildPhases = (
				11CCEA7C8A737AFC18ADB233 /* [CP] Check Pods Manifest.lock */,
				C132DC391F05D45700A36BEE /* Sources */,
				C132DC3A1F05D45700A36BEE /* Frameworks */,
				C132DC3B1F05D45700A36BEE /* Resources */,
				B13F36E311945940DC7F81D0 /* [CP] Embed Pods Frameworks */,
				0AE27E0C68B5A7FE37BC3105 /* [CP] Copy Pods Resources */,
			);
			buildRules = (
			);
			dependencies = (
			);
			name = "proximac-gui";
			productName = "proximac-gui";
			productReference = C132DC3D1F05D45700A36BEE /* proximac-gui.app */;
			productType = "com.apple.product-type.application";
		};
		C132DC4D1F05D45700A36BEE /* proximac-guiTests */ = {
			isa = PBXNativeTarget;
			buildConfigurationList = C132DC651F05D45700A36BEE /* Build configuration list for PBXNativeTarget "proximac-guiTests" */;
			buildPhases = (
				60F1F46D84B51D552CD0B328 /* [CP] Check Pods Manifest.lock */,
				C132DC4A1F05D45700A36BEE /* Sources */,
				C132DC4B1F05D45700A36BEE /* Frameworks */,
				C132DC4C1F05D45700A36BEE /* Resources */,
				C0B005618C877A65C7D5E73E /* [CP] Embed Pods Frameworks */,
				7763647731E8A8C8BB5F82F5 /* [CP] Copy Pods Resources */,
			);
			buildRules = (
			);
			dependencies = (
				C132DC501F05D45700A36BEE /* PBXTargetDependency */,
			);
			name = "proximac-guiTests";
			productName = "proximac-guiTests";
			productReference = C132DC4E1F05D45700A36BEE /* proximac-guiTests.xctest */;
			productType = "com.apple.product-type.bundle.unit-test";
		};
		C132DC581F05D45700A36BEE /* proximac-guiUITests */ = {
			isa = PBXNativeTarget;
			buildConfigurationList = C132DC681F05D45700A36BEE /* Build configuration list for PBXNativeTarget "proximac-guiUITests" */;
			buildPhases = (
				F56CAF26DD36F009C837C49E /* [CP] Check Pods Manifest.lock */,
				C132DC551F05D45700A36BEE /* Sources */,
				C132DC561F05D45700A36BEE /* Frameworks */,
				C132DC571F05D45700A36BEE /* Resources */,
				AAA5D84ACB2A25624D0D81DF /* [CP] Embed Pods Frameworks */,
				597721FB1951D5AAF848BC56 /* [CP] Copy Pods Resources */,
			);
			buildRules = (
			);
			dependencies = (
				C132DC5B1F05D45700A36BEE /* PBXTargetDependency */,
			);
			name = "proximac-guiUITests";
			productName = "proximac-guiUITests";
			productReference = C132DC591F05D45700A36BEE /* proximac-guiUITests.xctest */;
			productType = "com.apple.product-type.bundle.ui-testing";
		};
/* End PBXNativeTarget section */

/* Begin PBXProject section */
		C132DC351F05D45700A36BEE /* Project object */ = {
			isa = PBXProject;
			attributes = {
				LastSwiftUpdateCheck = 0830;
				LastUpgradeCheck = 0830;
				ORGANIZATIONNAME = "Yi Huang";
				TargetAttributes = {
					C132DC3C1F05D45700A36BEE = {
						CreatedOnToolsVersion = 8.3.3;
						DevelopmentTeam = NL7M2J93PJ;
						ProvisioningStyle = Automatic;
					};
					C132DC4D1F05D45700A36BEE = {
						CreatedOnToolsVersion = 8.3.3;
						ProvisioningStyle = Automatic;
						TestTargetID = C132DC3C1F05D45700A36BEE;
					};
					C132DC581F05D45700A36BEE = {
						CreatedOnToolsVersion = 8.3.3;
						ProvisioningStyle = Automatic;
						TestTargetID = C132DC3C1F05D45700A36BEE;
					};
				};
			};
			buildConfigurationList = C132DC381F05D45700A36BEE /* Build configuration list for PBXProject "proximac-gui" */;
			compatibilityVersion = "Xcode 3.2";
			developmentRegion = English;
			hasScannedForEncodings = 0;
			knownRegions = (
				en,
				Base,
			);
			mainGroup = C132DC341F05D45700A36BEE;
			productRefGroup = C132DC3E1F05D45700A36BEE /* Products */;
			projectDirPath = "";
			projectRoot = "";
			targets = (
				C132DC3C1F05D45700A36BEE /* proximac-gui */,
				C132DC4D1F05D45700A36BEE /* proximac-guiTests */,
				C132DC581F05D45700A36BEE /* proximac-guiUITests */,
			);
		};
/* End PBXProject section */

/* Begin PBXResourcesBuildPhase section */
		C132DC3B1F05D45700A36BEE /* Resources */ = {
			isa = PBXResourcesBuildPhase;
			buildActionMask = 2147483647;
			files = (
				C1F0D1B51F09B7930012CB6F /* PrefNetworkViewController.xib in Resources */,
				C1F0D1B11F09B7820012CB6F /* PrefGeneralViewController.xib in Resources */,
				C132DC451F05D45700A36BEE /* Assets.xcassets in Resources */,
				C1F0D1B91F09D02D0012CB6F /* PrefSubSOCKS5ViewController.xib in Resources */,
				C132DC481F05D45700A36BEE /* Main.storyboard in Resources */,
			);
			runOnlyForDeploymentPostprocessing = 0;
		};
		C132DC4C1F05D45700A36BEE /* Resources */ = {
			isa = PBXResourcesBuildPhase;
			buildActionMask = 2147483647;
			files = (
			);
			runOnlyForDeploymentPostprocessing = 0;
		};
		C132DC571F05D45700A36BEE /* Resources */ = {
			isa = PBXResourcesBuildPhase;
			buildActionMask = 2147483647;
			files = (
			);
			runOnlyForDeploymentPostprocessing = 0;
		};
/* End PBXResourcesBuildPhase section */

/* Begin PBXShellScriptBuildPhase section */
		0AE27E0C68B5A7FE37BC3105 /* [CP] Copy Pods Resources */ = {
			isa = PBXShellScriptBuildPhase;
			buildActionMask = 2147483647;
			files = (
			);
			inputPaths = (
			);
			name = "[CP] Copy Pods Resources";
			outputPaths = (
			);
			runOnlyForDeploymentPostprocessing = 0;
			shellPath = /bin/sh;
			shellScript = "\"${SRCROOT}/Pods/Target Support Files/Pods-proximac-gui/Pods-proximac-gui-resources.sh\"\n";
			showEnvVarsInLog = 0;
		};
		11CCEA7C8A737AFC18ADB233 /* [CP] Check Pods Manifest.lock */ = {
			isa = PBXShellScriptBuildPhase;
			buildActionMask = 2147483647;
			files = (
			);
			inputPaths = (
			);
			name = "[CP] Check Pods Manifest.lock";
			outputPaths = (
			);
			runOnlyForDeploymentPostprocessing = 0;
			shellPath = /bin/sh;
			shellScript = "diff \"${PODS_ROOT}/../Podfile.lock\" \"${PODS_ROOT}/Manifest.lock\" > /dev/null\nif [ $? != 0 ] ; then\n    # print error to STDERR\n    echo \"error: The sandbox is not in sync with the Podfile.lock. Run 'pod install' or update your CocoaPods installation.\" >&2\n    exit 1\nfi\n";
			showEnvVarsInLog = 0;
		};
		597721FB1951D5AAF848BC56 /* [CP] Copy Pods Resources */ = {
			isa = PBXShellScriptBuildPhase;
			buildActionMask = 2147483647;
			files = (
			);
			inputPaths = (
			);
			name = "[CP] Copy Pods Resources";
			outputPaths = (
			);
			runOnlyForDeploymentPostprocessing = 0;
			shellPath = /bin/sh;
			shellScript = "\"${SRCROOT}/Pods/Target Support Files/Pods-proximac-guiUITests/Pods-proximac-guiUITests-resources.sh\"\n";
			showEnvVarsInLog = 0;
		};
		60F1F46D84B51D552CD0B328 /* [CP] Check Pods Manifest.lock */ = {
			isa = PBXShellScriptBuildPhase;
			buildActionMask = 2147483647;
			files = (
			);
			inputPaths = (
			);
			name = "[CP] Check Pods Manifest.lock";
			outputPaths = (
			);
			runOnlyForDeploymentPostprocessing = 0;
			shellPath = /bin/sh;
			shellScript = "diff \"${PODS_ROOT}/../Podfile.lock\" \"${PODS_ROOT}/Manifest.lock\" > /dev/null\nif [ $? != 0 ] ; then\n    # print error to STDERR\n    echo \"error: The sandbox is not in sync with the Podfile.lock. Run 'pod install' or update your CocoaPods installation.\" >&2\n    exit 1\nfi\n";
			showEnvVarsInLog = 0;
		};
		7763647731E8A8C8BB5F82F5 /* [CP] Copy Pods Resources */ = {
			isa = PBXShellScriptBuildPhase;
			buildActionMask = 2147483647;
			files = (
			);
			inputPaths = (
			);
			name = "[CP] Copy Pods Resources";
			outputPaths = (
			);
			runOnlyForDeploymentPostprocessing = 0;
			shellPath = /bin/sh;
			shellScript = "\"${SRCROOT}/Pods/Target Support Files/Pods-proximac-guiTests/Pods-proximac-guiTests-resources.sh\"\n";
			showEnvVarsInLog = 0;
		};
		AAA5D84ACB2A25624D0D81DF /* [CP] Embed Pods Frameworks */ = {
			isa = PBXShellScriptBuildPhase;
			buildActionMask = 2147483647;
			files = (
			);
			inputPaths = (
			);
			name = "[CP] Embed Pods Frameworks";
			outputPaths = (
			);
			runOnlyForDeploymentPostprocessing = 0;
			shellPath = /bin/sh;
			shellScript = "\"${SRCROOT}/Pods/Target Support Files/Pods-proximac-guiUITests/Pods-proximac-guiUITests-frameworks.sh\"\n";
			showEnvVarsInLog = 0;
		};
		B13F36E311945940DC7F81D0 /* [CP] Embed Pods Frameworks */ = {
			isa = PBXShellScriptBuildPhase;
			buildActionMask = 2147483647;
			files = (
			);
			inputPaths = (
			);
			name = "[CP] Embed Pods Frameworks";
			outputPaths = (
			);
			runOnlyForDeploymentPostprocessing = 0;
			shellPath = /bin/sh;
			shellScript = "\"${SRCROOT}/Pods/Target Support Files/Pods-proximac-gui/Pods-proximac-gui-frameworks.sh\"\n";
			showEnvVarsInLog = 0;
		};
		C0B005618C877A65C7D5E73E /* [CP] Embed Pods Frameworks */ = {
			isa = PBXShellScriptBuildPhase;
			buildActionMask = 2147483647;
			files = (
			);
			inputPaths = (
			);
			name = "[CP] Embed Pods Frameworks";
			outputPaths = (
			);
			runOnlyForDeploymentPostprocessing = 0;
			shellPath = /bin/sh;
			shellScript = "\"${SRCROOT}/Pods/Target Support Files/Pods-proximac-guiTests/Pods-proximac-guiTests-frameworks.sh\"\n";
			showEnvVarsInLog = 0;
		};
		F56CAF26DD36F009C837C49E /* [CP] Check Pods Manifest.lock */ = {
			isa = PBXShellScriptBuildPhase;
			buildActionMask = 2147483647;
			files = (
			);
			inputPaths = (
			);
			name = "[CP] Check Pods Manifest.lock";
			outputPaths = (
			);
			runOnlyForDeploymentPostprocessing = 0;
			shellPath = /bin/sh;
			shellScript = "diff \"${PODS_ROOT}/../Podfile.lock\" \"${PODS_ROOT}/Manifest.lock\" > /dev/null\nif [ $? != 0 ] ; then\n    # print error to STDERR\n    echo \"error: The sandbox is not in sync with the Podfile.lock. Run 'pod install' or update your CocoaPods installation.\" >&2\n    exit 1\nfi\n";
			showEnvVarsInLog = 0;
		};
/* End PBXShellScriptBuildPhase section */

/* Begin PBXSourcesBuildPhase section */
		C132DC391F05D45700A36BEE /* Sources */ = {
			isa = PBXSourcesBuildPhase;
			buildActionMask = 2147483647;
			files = (
				C15E8A941F086B22004C4182 /* ActionCellView.swift in Sources */,
				C132DC431F05D45700A36BEE /* MainViewController.swift in Sources */,
				C15E8A831F06FE04004C4182 /* Rule.swift in Sources */,
				C15E8A8E1F07341F004C4182 /* ClickableImageView.swift in Sources */,
				C1F0D1B81F09D02D0012CB6F /* PrefSubSOCKS5ViewController.swift in Sources */,
				C1F0D1B41F09B7930012CB6F /* PrefNetworkViewController.swift in Sources */,
				C1F0D1B01F09B7820012CB6F /* PrefGeneralViewController.swift in Sources */,
				C15E8A8B1F072E5E004C4182 /* Utility.swift in Sources */,
				C1BF66311F06E1DA008FC960 /* Preferences.swift in Sources */,
				C1E341471F098201007AC804 /* RuleCardCellView.swift in Sources */,
				C15E8A881F0728FF004C4182 /* RulesMaker.swift in Sources */,
				C1F0D1BB1F09D9EF0012CB6F /* EventMonitor.swift in Sources */,
				C1E3410E1F097313007AC804 /* OGSwitch.swift in Sources */,
				C132DC411F05D45700A36BEE /* AppDelegate.swift in Sources */,
			);
			runOnlyForDeploymentPostprocessing = 0;
		};
		C132DC4A1F05D45700A36BEE /* Sources */ = {
			isa = PBXSourcesBuildPhase;
			buildActionMask = 2147483647;
			files = (
				C132DC531F05D45700A36BEE /* proximac_guiTests.swift in Sources */,
			);
			runOnlyForDeploymentPostprocessing = 0;
		};
		C132DC551F05D45700A36BEE /* Sources */ = {
			isa = PBXSourcesBuildPhase;
			buildActionMask = 2147483647;
			files = (
				C132DC5E1F05D45700A36BEE /* proximac_guiUITests.swift in Sources */,
			);
			runOnlyForDeploymentPostprocessing = 0;
		};
/* End PBXSourcesBuildPhase section */

/* Begin PBXTargetDependency section */
		C132DC501F05D45700A36BEE /* PBXTargetDependency */ = {
			isa = PBXTargetDependency;
			target = C132DC3C1F05D45700A36BEE /* proximac-gui */;
			targetProxy = C132DC4F1F05D45700A36BEE /* PBXContainerItemProxy */;
		};
		C132DC5B1F05D45700A36BEE /* PBXTargetDependency */ = {
			isa = PBXTargetDependency;
			target = C132DC3C1F05D45700A36BEE /* proximac-gui */;
			targetProxy = C132DC5A1F05D45700A36BEE /* PBXContainerItemProxy */;
		};
/* End PBXTargetDependency section */

/* Begin PBXVariantGroup section */
		C132DC461F05D45700A36BEE /* Main.storyboard */ = {
			isa = PBXVariantGroup;
			children = (
				C132DC471F05D45700A36BEE /* Base */,
			);
			name = Main.storyboard;
			sourceTree = "<group>";
		};
/* End PBXVariantGroup section */

/* Begin XCBuildConfiguration section */
		C132DC601F05D45700A36BEE /* Debug */ = {
			isa = XCBuildConfiguration;
			buildSettings = {
				ALWAYS_SEARCH_USER_PATHS = NO;
				CLANG_ANALYZER_NONNULL = YES;
				CLANG_ANALYZER_NUMBER_OBJECT_CONVERSION = YES_AGGRESSIVE;
				CLANG_CXX_LANGUAGE_STANDARD = "gnu++0x";
				CLANG_CXX_LIBRARY = "libc++";
				CLANG_ENABLE_MODULES = YES;
				CLANG_ENABLE_OBJC_ARC = YES;
				CLANG_WARN_BOOL_CONVERSION = YES;
				CLANG_WARN_CONSTANT_CONVERSION = YES;
				CLANG_WARN_DIRECT_OBJC_ISA_USAGE = YES_ERROR;
				CLANG_WARN_DOCUMENTATION_COMMENTS = YES;
				CLANG_WARN_EMPTY_BODY = YES;
				CLANG_WARN_ENUM_CONVERSION = YES;
				CLANG_WARN_INFINITE_RECURSION = YES;
				CLANG_WARN_INT_CONVERSION = YES;
				CLANG_WARN_OBJC_ROOT_CLASS = YES_ERROR;
				CLANG_WARN_SUSPICIOUS_MOVE = YES;
				CLANG_WARN_UNREACHABLE_CODE = YES;
				CLANG_WARN__DUPLICATE_METHOD_MATCH = YES;
				CODE_SIGN_IDENTITY = "-";
				COPY_PHASE_STRIP = NO;
				DEBUG_INFORMATION_FORMAT = dwarf;
				ENABLE_STRICT_OBJC_MSGSEND = YES;
				ENABLE_TESTABILITY = YES;
				GCC_C_LANGUAGE_STANDARD = gnu99;
				GCC_DYNAMIC_NO_PIC = NO;
				GCC_NO_COMMON_BLOCKS = YES;
				GCC_OPTIMIZATION_LEVEL = 0;
				GCC_PREPROCESSOR_DEFINITIONS = (
					"DEBUG=1",
					"$(inherited)",
				);
				GCC_WARN_64_TO_32_BIT_CONVERSION = YES;
				GCC_WARN_ABOUT_RETURN_TYPE = YES_ERROR;
				GCC_WARN_UNDECLARED_SELECTOR = YES;
				GCC_WARN_UNINITIALIZED_AUTOS = YES_AGGRESSIVE;
				GCC_WARN_UNUSED_FUNCTION = YES;
				GCC_WARN_UNUSED_VARIABLE = YES;
				MACOSX_DEPLOYMENT_TARGET = 10.12;
				MTL_ENABLE_DEBUG_INFO = YES;
				ONLY_ACTIVE_ARCH = YES;
				SDKROOT = macosx;
				SWIFT_ACTIVE_COMPILATION_CONDITIONS = DEBUG;
				SWIFT_OPTIMIZATION_LEVEL = "-Onone";
			};
			name = Debug;
		};
		C132DC611F05D45700A36BEE /* Release */ = {
			isa = XCBuildConfiguration;
			buildSettings = {
				ALWAYS_SEARCH_USER_PATHS = NO;
				CLANG_ANALYZER_NONNULL = YES;
				CLANG_ANALYZER_NUMBER_OBJECT_CONVERSION = YES_AGGRESSIVE;
				CLANG_CXX_LANGUAGE_STANDARD = "gnu++0x";
				CLANG_CXX_LIBRARY = "libc++";
				CLANG_ENABLE_MODULES = YES;
				CLANG_ENABLE_OBJC_ARC = YES;
				CLANG_WARN_BOOL_CONVERSION = YES;
				CLANG_WARN_CONSTANT_CONVERSION = YES;
				CLANG_WARN_DIRECT_OBJC_ISA_USAGE = YES_ERROR;
				CLANG_WARN_DOCUMENTATION_COMMENTS = YES;
				CLANG_WARN_EMPTY_BODY = YES;
				CLANG_WARN_ENUM_CONVERSION = YES;
				CLANG_WARN_INFINITE_RECURSION = YES;
				CLANG_WARN_INT_CONVERSION = YES;
				CLANG_WARN_OBJC_ROOT_CLASS = YES_ERROR;
				CLANG_WARN_SUSPICIOUS_MOVE = YES;
				CLANG_WARN_UNREACHABLE_CODE = YES;
				CLANG_WARN__DUPLICATE_METHOD_MATCH = YES;
				CODE_SIGN_IDENTITY = "-";
				COPY_PHASE_STRIP = NO;
				DEBUG_INFORMATION_FORMAT = "dwarf-with-dsym";
				ENABLE_NS_ASSERTIONS = NO;
				ENABLE_STRICT_OBJC_MSGSEND = YES;
				GCC_C_LANGUAGE_STANDARD = gnu99;
				GCC_NO_COMMON_BLOCKS = YES;
				GCC_WARN_64_TO_32_BIT_CONVERSION = YES;
				GCC_WARN_ABOUT_RETURN_TYPE = YES_ERROR;
				GCC_WARN_UNDECLARED_SELECTOR = YES;
				GCC_WARN_UNINITIALIZED_AUTOS = YES_AGGRESSIVE;
				GCC_WARN_UNUSED_FUNCTION = YES;
				GCC_WARN_UNUSED_VARIABLE = YES;
				MACOSX_DEPLOYMENT_TARGET = 10.12;
				MTL_ENABLE_DEBUG_INFO = NO;
				SDKROOT = macosx;
				SWIFT_OPTIMIZATION_LEVEL = "-Owholemodule";
			};
			name = Release;
		};
		C132DC631F05D45700A36BEE /* Debug */ = {
			isa = XCBuildConfiguration;
			baseConfigurationReference = 226B1858CCC7951172EA56D4 /* Pods-proximac-gui.debug.xcconfig */;
			buildSettings = {
				ASSETCATALOG_COMPILER_APPICON_NAME = AppIcon;
				CODE_SIGN_IDENTITY = "Mac Developer";
				COMBINE_HIDPI_IMAGES = YES;
				DEVELOPMENT_TEAM = NL7M2J93PJ;
				INFOPLIST_FILE = "proximac-gui/Info.plist";
				LD_RUNPATH_SEARCH_PATHS = "$(inherited) @executable_path/../Frameworks";
				PRODUCT_BUNDLE_IDENTIFIER = "io.proximac.proximac-gui.proximac-gui";
				PRODUCT_NAME = "$(TARGET_NAME)";
				PROVISIONING_PROFILE_SPECIFIER = "";
				SWIFT_VERSION = 3.0;
			};
			name = Debug;
		};
		C132DC641F05D45700A36BEE /* Release */ = {
			isa = XCBuildConfiguration;
			baseConfigurationReference = 47EDDD33A356ADD31D2502B1 /* Pods-proximac-gui.release.xcconfig */;
			buildSettings = {
				ASSETCATALOG_COMPILER_APPICON_NAME = AppIcon;
				CODE_SIGN_IDENTITY = "Mac Developer";
				COMBINE_HIDPI_IMAGES = YES;
				DEVELOPMENT_TEAM = NL7M2J93PJ;
				INFOPLIST_FILE = "proximac-gui/Info.plist";
				LD_RUNPATH_SEARCH_PATHS = "$(inherited) @executable_path/../Frameworks";
				PRODUCT_BUNDLE_IDENTIFIER = "io.proximac.proximac-gui.proximac-gui";
				PRODUCT_NAME = "$(TARGET_NAME)";
				PROVISIONING_PROFILE_SPECIFIER = "";
				SWIFT_VERSION = 3.0;
			};
			name = Release;
		};
		C132DC661F05D45700A36BEE /* Debug */ = {
			isa = XCBuildConfiguration;
			baseConfigurationReference = 20752E2F2973B970A9641942 /* Pods-proximac-guiTests.debug.xcconfig */;
			buildSettings = {
				ALWAYS_EMBED_SWIFT_STANDARD_LIBRARIES = YES;
				BUNDLE_LOADER = "$(TEST_HOST)";
				COMBINE_HIDPI_IMAGES = YES;
				INFOPLIST_FILE = "proximac-guiTests/Info.plist";
				LD_RUNPATH_SEARCH_PATHS = "$(inherited) @executable_path/../Frameworks @loader_path/../Frameworks";
				PRODUCT_BUNDLE_IDENTIFIER = "io.proximac.proximac-gui.proximac-guiTests";
				PRODUCT_NAME = "$(TARGET_NAME)";
				SWIFT_VERSION = 3.0;
				TEST_HOST = "$(BUILT_PRODUCTS_DIR)/proximac-gui.app/Contents/MacOS/proximac-gui";
			};
			name = Debug;
		};
		C132DC671F05D45700A36BEE /* Release */ = {
			isa = XCBuildConfiguration;
			baseConfigurationReference = 580EBB5375225F3B37E4B8D8 /* Pods-proximac-guiTests.release.xcconfig */;
			buildSettings = {
				ALWAYS_EMBED_SWIFT_STANDARD_LIBRARIES = YES;
				BUNDLE_LOADER = "$(TEST_HOST)";
				COMBINE_HIDPI_IMAGES = YES;
				INFOPLIST_FILE = "proximac-guiTests/Info.plist";
				LD_RUNPATH_SEARCH_PATHS = "$(inherited) @executable_path/../Frameworks @loader_path/../Frameworks";
				PRODUCT_BUNDLE_IDENTIFIER = "io.proximac.proximac-gui.proximac-guiTests";
				PRODUCT_NAME = "$(TARGET_NAME)";
				SWIFT_VERSION = 3.0;
				TEST_HOST = "$(BUILT_PRODUCTS_DIR)/proximac-gui.app/Contents/MacOS/proximac-gui";
			};
			name = Release;
		};
		C132DC691F05D45700A36BEE /* Debug */ = {
			isa = XCBuildConfiguration;
			baseConfigurationReference = 494A55450B4314F2DECB2812 /* Pods-proximac-guiUITests.debug.xcconfig */;
			buildSettings = {
				ALWAYS_EMBED_SWIFT_STANDARD_LIBRARIES = YES;
				COMBINE_HIDPI_IMAGES = YES;
				INFOPLIST_FILE = "proximac-guiUITests/Info.plist";
				LD_RUNPATH_SEARCH_PATHS = "$(inherited) @executable_path/../Frameworks @loader_path/../Frameworks";
				PRODUCT_BUNDLE_IDENTIFIER = "io.proximac.proximac-gui.proximac-guiUITests";
				PRODUCT_NAME = "$(TARGET_NAME)";
				SWIFT_VERSION = 3.0;
				TEST_TARGET_NAME = "proximac-gui";
			};
			name = Debug;
		};
		C132DC6A1F05D45700A36BEE /* Release */ = {
			isa = XCBuildConfiguration;
			baseConfigurationReference = 40B06211472F3FCD8408F0B8 /* Pods-proximac-guiUITests.release.xcconfig */;
			buildSettings = {
				ALWAYS_EMBED_SWIFT_STANDARD_LIBRARIES = YES;
				COMBINE_HIDPI_IMAGES = YES;
				INFOPLIST_FILE = "proximac-guiUITests/Info.plist";
				LD_RUNPATH_SEARCH_PATHS = "$(inherited) @executable_path/../Frameworks @loader_path/../Frameworks";
				PRODUCT_BUNDLE_IDENTIFIER = "io.proximac.proximac-gui.proximac-guiUITests";
				PRODUCT_NAME = "$(TARGET_NAME)";
				SWIFT_VERSION = 3.0;
				TEST_TARGET_NAME = "proximac-gui";
			};
			name = Release;
		};
/* End XCBuildConfiguration section */

/* Begin XCConfigurationList section */
		C132DC381F05D45700A36BEE /* Build configuration list for PBXProject "proximac-gui" */ = {
			isa = XCConfigurationList;
			buildConfigurations = (
				C132DC601F05D45700A36BEE /* Debug */,
				C132DC611F05D45700A36BEE /* Release */,
			);
			defaultConfigurationIsVisible = 0;
			defaultConfigurationName = Release;
		};
		C132DC621F05D45700A36BEE /* Build configuration list for PBXNativeTarget "proximac-gui" */ = {
			isa = XCConfigurationList;
			buildConfigurations = (
				C132DC631F05D45700A36BEE /* Debug */,
				C132DC641F05D45700A36BEE /* Release */,
			);
			defaultConfigurationIsVisible = 0;
			defaultConfigurationName = Release;
		};
		C132DC651F05D45700A36BEE /* Build configuration list for PBXNativeTarget "proximac-guiTests" */ = {
			isa = XCConfigurationList;
			buildConfigurations = (
				C132DC661F05D45700A36BEE /* Debug */,
				C132DC671F05D45700A36BEE /* Release */,
			);
			defaultConfigurationIsVisible = 0;
			defaultConfigurationName = Release;
		};
		C132DC681F05D45700A36BEE /* Build configuration list for PBXNativeTarget "proximac-guiUITests" */ = {
			isa = XCConfigurationList;
			buildConfigurations = (
				C132DC691F05D45700A36BEE /* Debug */,
				C132DC6A1F05D45700A36BEE /* Release */,
			);
			defaultConfigurationIsVisible = 0;
			defaultConfigurationName = Release;
		};
/* End XCConfigurationList section */
	};
	rootObject = C132DC351F05D45700A36BEE /* Project object */;
}
